// !$*UTF8*$!
{
	archiveVersion = 1;
	classes = {
	};
	objectVersion = 46;
	objects = {

/* Begin PBXBuildFile section */
		45F55F441BE72813008A5D2E /* AppDelegate.swift in Sources */ = {isa = PBXBuildFile; fileRef = 45F55F431BE72813008A5D2E /* AppDelegate.swift */; };
		45F55F461BE72813008A5D2E /* GameView.swift in Sources */ = {isa = PBXBuildFile; fileRef = 45F55F451BE72813008A5D2E /* GameView.swift */; };
		45F55F481BE72813008A5D2E /* GameViewController.swift in Sources */ = {isa = PBXBuildFile; fileRef = 45F55F471BE72813008A5D2E /* GameViewController.swift */; };
		45F55F4A1BE72813008A5D2E /* art.scnassets in Resources */ = {isa = PBXBuildFile; fileRef = 45F55F491BE72813008A5D2E /* art.scnassets */; };
		45F55F4C1BE72813008A5D2E /* Assets.xcassets in Resources */ = {isa = PBXBuildFile; fileRef = 45F55F4B1BE72813008A5D2E /* Assets.xcassets */; };
		45F55F4F1BE72813008A5D2E /* MainMenu.xib in Resources */ = {isa = PBXBuildFile; fileRef = 45F55F4D1BE72813008A5D2E /* MainMenu.xib */; };
		45F55F5A1BE72813008A5D2E /* SceneKitOSXTests.swift in Sources */ = {isa = PBXBuildFile; fileRef = 45F55F591BE72813008A5D2E /* SceneKitOSXTests.swift */; };
		45F55F651BE72813008A5D2E /* SceneKitOSXUITests.swift in Sources */ = {isa = PBXBuildFile; fileRef = 45F55F641BE72813008A5D2E /* SceneKitOSXUITests.swift */; };
/* End PBXBuildFile section */

/* Begin PBXContainerItemProxy section */
		45F55F561BE72813008A5D2E /* PBXContainerItemProxy */ = {
			isa = PBXContainerItemProxy;
			containerPortal = 45F55F381BE72813008A5D2E /* Project object */;
			proxyType = 1;
			remoteGlobalIDString = 45F55F3F1BE72813008A5D2E;
			remoteInfo = SceneKitOSX;
		};
		45F55F611BE72813008A5D2E /* PBXContainerItemProxy */ = {
			isa = PBXContainerItemProxy;
			containerPortal = 45F55F381BE72813008A5D2E /* Project object */;
			proxyType = 1;
			remoteGlobalIDString = 45F55F3F1BE72813008A5D2E;
			remoteInfo = SceneKitOSX;
		};
/* End PBXContainerItemProxy section */

/* Begin PBXFileReference section */
		45F55F401BE72813008A5D2E /* SceneKitOSX.app */ = {isa = PBXFileReference; explicitFileType = wrapper.application; includeInIndex = 0; path = SceneKitOSX.app; sourceTree = BUILT_PRODUCTS_DIR; };
		45F55F431BE72813008A5D2E /* AppDelegate.swift */ = {isa = PBXFileReference; lastKnownFileType = sourcecode.swift; path = AppDelegate.swift; sourceTree = "<group>"; };
		45F55F451BE72813008A5D2E /* GameView.swift */ = {isa = PBXFileReference; lastKnownFileType = sourcecode.swift; path = GameView.swift; sourceTree = "<group>"; };
		45F55F471BE72813008A5D2E /* GameViewController.swift */ = {isa = PBXFileReference; lastKnownFileType = sourcecode.swift; path = GameViewController.swift; sourceTree = "<group>"; };
		45F55F491BE72813008A5D2E /* art.scnassets */ = {isa = PBXFileReference; lastKnownFileType = wrapper.scnassets; path = art.scnassets; sourceTree = "<group>"; };
		45F55F4B1BE72813008A5D2E /* Assets.xcassets */ = {isa = PBXFileReference; lastKnownFileType = folder.assetcatalog; path = Assets.xcassets; sourceTree = "<group>"; };
		45F55F4E1BE72813008A5D2E /* Base */ = {isa = PBXFileReference; lastKnownFileType = file.xib; name = Base; path = Base.lproj/MainMenu.xib; sourceTree = "<group>"; };
		45F55F501BE72813008A5D2E /* Info.plist */ = {isa = PBXFileReference; lastKnownFileType = text.plist.xml; path = Info.plist; sourceTree = "<group>"; };
		45F55F551BE72813008A5D2E /* SceneKitOSXTests.xctest */ = {isa = PBXFileReference; explicitFileType = wrapper.cfbundle; includeInIndex = 0; path = SceneKitOSXTests.xctest; sourceTree = BUILT_PRODUCTS_DIR; };
		45F55F591BE72813008A5D2E /* SceneKitOSXTests.swift */ = {isa = PBXFileReference; lastKnownFileType = sourcecode.swift; path = SceneKitOSXTests.swift; sourceTree = "<group>"; };
		45F55F5B1BE72813008A5D2E /* Info.plist */ = {isa = PBXFileReference; lastKnownFileType = text.plist.xml; path = Info.plist; sourceTree = "<group>"; };
		45F55F601BE72813008A5D2E /* SceneKitOSXUITests.xctest */ = {isa = PBXFileReference; explicitFileType = wrapper.cfbundle; includeInIndex = 0; path = SceneKitOSXUITests.xctest; sourceTree = BUILT_PRODUCTS_DIR; };
		45F55F641BE72813008A5D2E /* SceneKitOSXUITests.swift */ = {isa = PBXFileReference; lastKnownFileType = sourcecode.swift; path = SceneKitOSXUITests.swift; sourceTree = "<group>"; };
		45F55F661BE72813008A5D2E /* Info.plist */ = {isa = PBXFileReference; lastKnownFileType = text.plist.xml; path = Info.plist; sourceTree = "<group>"; };
/* End PBXFileReference section */

/* Begin PBXFrameworksBuildPhase section */
		45F55F3D1BE72813008A5D2E /* Frameworks */ = {
			isa = PBXFrameworksBuildPhase;
			buildActionMask = 2147483647;
			files = (
			);
			runOnlyForDeploymentPostprocessing = 0;
		};
		45F55F521BE72813008A5D2E /* Frameworks */ = {
			isa = PBXFrameworksBuildPhase;
			buildActionMask = 2147483647;
			files = (
			);
			runOnlyForDeploymentPostprocessing = 0;
		};
		45F55F5D1BE72813008A5D2E /* Frameworks */ = {
			isa = PBXFrameworksBuildPhase;
			buildActionMask = 2147483647;
			files = (
			);
			runOnlyForDeploymentPostprocessing = 0;
		};
/* End PBXFrameworksBuildPhase section */

/* Begin PBXGroup section */
		45F55F371BE72813008A5D2E = {
			isa = PBXGroup;
			children = (
				45F55F421BE72813008A5D2E /* SceneKitOSX */,
				45F55F581BE72813008A5D2E /* SceneKitOSXTests */,
				45F55F631BE72813008A5D2E /* SceneKitOSXUITests */,
				45F55F411BE72813008A5D2E /* Products */,
			);
			sourceTree = "<group>";
		};
		45F55F411BE72813008A5D2E /* Products */ = {
			isa = PBXGroup;
			children = (
				45F55F401BE72813008A5D2E /* SceneKitOSX.app */,
				45F55F551BE72813008A5D2E /* SceneKitOSXTests.xctest */,
				45F55F601BE72813008A5D2E /* SceneKitOSXUITests.xctest */,
			);
			name = Products;
			sourceTree = "<group>";
		};
		45F55F421BE72813008A5D2E /* SceneKitOSX */ = {
			isa = PBXGroup;
			children = (
				45F55F431BE72813008A5D2E /* AppDelegate.swift */,
				45F55F451BE72813008A5D2E /* GameView.swift */,
				45F55F471BE72813008A5D2E /* GameViewController.swift */,
				45F55F491BE72813008A5D2E /* art.scnassets */,
				45F55F4B1BE72813008A5D2E /* Assets.xcassets */,
				45F55F4D1BE72813008A5D2E /* MainMenu.xib */,
				45F55F501BE72813008A5D2E /* Info.plist */,
			);
			path = SceneKitOSX;
			sourceTree = "<group>";
		};
		45F55F581BE72813008A5D2E /* SceneKitOSXTests */ = {
			isa = PBXGroup;
			children = (
				45F55F591BE72813008A5D2E /* SceneKitOSXTests.swift */,
				45F55F5B1BE72813008A5D2E /* Info.plist */,
			);
			path = SceneKitOSXTests;
			sourceTree = "<group>";
		};
		45F55F631BE72813008A5D2E /* SceneKitOSXUITests */ = {
			isa = PBXGroup;
			children = (
				45F55F641BE72813008A5D2E /* SceneKitOSXUITests.swift */,
				45F55F661BE72813008A5D2E /* Info.plist */,
			);
			path = SceneKitOSXUITests;
			sourceTree = "<group>";
		};
/* End PBXGroup section */

/* Begin PBXNativeTarget section */
		45F55F3F1BE72813008A5D2E /* SceneKitOSX */ = {
			isa = PBXNativeTarget;
			buildConfigurationList = 45F55F691BE72813008A5D2E /* Build configuration list for PBXNativeTarget "SceneKitOSX" */;
			buildPhases = (
				45F55F3C1BE72813008A5D2E /* Sources */,
				45F55F3D1BE72813008A5D2E /* Frameworks */,
				45F55F3E1BE72813008A5D2E /* Resources */,
			);
			buildRules = (
			);
			dependencies = (
			);
			name = SceneKitOSX;
			productName = SceneKitOSX;
			productReference = 45F55F401BE72813008A5D2E /* SceneKitOSX.app */;
			productType = "com.apple.product-type.application";
		};
		45F55F541BE72813008A5D2E /* SceneKitOSXTests */ = {
			isa = PBXNativeTarget;
			buildConfigurationList = 45F55F6C1BE72813008A5D2E /* Build configuration list for PBXNativeTarget "SceneKitOSXTests" */;
			buildPhases = (
				45F55F511BE72813008A5D2E /* Sources */,
				45F55F521BE72813008A5D2E /* Frameworks */,
				45F55F531BE72813008A5D2E /* Resources */,
			);
			buildRules = (
			);
			dependencies = (
				45F55F571BE72813008A5D2E /* PBXTargetDependency */,
			);
			name = SceneKitOSXTests;
			productName = SceneKitOSXTests;
			productReference = 45F55F551BE72813008A5D2E /* SceneKitOSXTests.xctest */;
			productType = "com.apple.product-type.bundle.unit-test";
		};
		45F55F5F1BE72813008A5D2E /* SceneKitOSXUITests */ = {
			isa = PBXNativeTarget;
			buildConfigurationList = 45F55F6F1BE72813008A5D2E /* Build configuration list for PBXNativeTarget "SceneKitOSXUITests" */;
			buildPhases = (
				45F55F5C1BE72813008A5D2E /* Sources */,
				45F55F5D1BE72813008A5D2E /* Frameworks */,
				45F55F5E1BE72813008A5D2E /* Resources */,
			);
			buildRules = (
			);
			dependencies = (
				45F55F621BE72813008A5D2E /* PBXTargetDependency */,
			);
			name = SceneKitOSXUITests;
			productName = SceneKitOSXUITests;
			productReference = 45F55F601BE72813008A5D2E /* SceneKitOSXUITests.xctest */;
			productType = "com.apple.product-type.bundle.ui-testing";
		};
/* End PBXNativeTarget section */

/* Begin PBXProject section */
		45F55F381BE72813008A5D2E /* Project object */ = {
			isa = PBXProject;
			attributes = {
				LastSwiftUpdateCheck = 0710;
				LastUpgradeCheck = 0710;
				ORGANIZATIONNAME = exialym;
				TargetAttributes = {
					45F55F3F1BE72813008A5D2E = {
						CreatedOnToolsVersion = 7.1;
					};
					45F55F541BE72813008A5D2E = {
						CreatedOnToolsVersion = 7.1;
						TestTargetID = 45F55F3F1BE72813008A5D2E;
					};
					45F55F5F1BE72813008A5D2E = {
						CreatedOnToolsVersion = 7.1;
						TestTargetID = 45F55F3F1BE72813008A5D2E;
					};
				};
			};
			buildConfigurationList = 45F55F3B1BE72813008A5D2E /* Build configuration list for PBXProject "SceneKitOSX" */;
			compatibilityVersion = "Xcode 3.2";
			developmentRegion = English;
			hasScannedForEncodings = 0;
			knownRegions = (
				en,
				Base,
			);
			mainGroup = 45F55F371BE72813008A5D2E;
			productRefGroup = 45F55F411BE72813008A5D2E /* Products */;
			projectDirPath = "";
			projectRoot = "";
			targets = (
				45F55F3F1BE72813008A5D2E /* SceneKitOSX */,
				45F55F541BE72813008A5D2E /* SceneKitOSXTests */,
				45F55F5F1BE72813008A5D2E /* SceneKitOSXUITests */,
			);
		};
/* End PBXProject section */

/* Begin PBXResourcesBuildPhase section */
		45F55F3E1BE72813008A5D2E /* Resources */ = {
			isa = PBXResourcesBuildPhase;
			buildActionMask = 2147483647;
			files = (
				45F55F4C1BE72813008A5D2E /* Assets.xcassets in Resources */,
				45F55F4A1BE72813008A5D2E /* art.scnassets in Resources */,
				45F55F4F1BE72813008A5D2E /* MainMenu.xib in Resources */,
			);
			runOnlyForDeploymentPostprocessing = 0;
		};
		45F55F531BE72813008A5D2E /* Resources */ = {
			isa = PBXResourcesBuildPhase;
			buildActionMask = 2147483647;
			files = (
			);
			runOnlyForDeploymentPostprocessing = 0;
		};
		45F55F5E1BE72813008A5D2E /* Resources */ = {
			isa = PBXResourcesBuildPhase;
			buildActionMask = 2147483647;
			files = (
			);
			runOnlyForDeploymentPostprocessing = 0;
		};
/* End PBXResourcesBuildPhase section */

/* Begin PBXSourcesBuildPhase section */
		45F55F3C1BE72813008A5D2E /* Sources */ = {
			isa = PBXSourcesBuildPhase;
			buildActionMask = 2147483647;
			files = (
				45F55F461BE72813008A5D2E /* GameView.swift in Sources */,
				45F55F481BE72813008A5D2E /* GameViewController.swift in Sources */,
				45F55F441BE72813008A5D2E /* AppDelegate.swift in Sources */,
			);
			runOnlyForDeploymentPostprocessing = 0;
		};
		45F55F511BE72813008A5D2E /* Sources */ = {
			isa = PBXSourcesBuildPhase;
			buildActionMask = 2147483647;
			files = (
				45F55F5A1BE72813008A5D2E /* SceneKitOSXTests.swift in Sources */,
			);
			runOnlyForDeploymentPostprocessing = 0;
		};
		45F55F5C1BE72813008A5D2E /* Sources */ = {
			isa = PBXSourcesBuildPhase;
			buildActionMask = 2147483647;
			files = (
				45F55F651BE72813008A5D2E /* SceneKitOSXUITests.swift in Sources */,
			);
			runOnlyForDeploymentPostprocessing = 0;
		};
/* End PBXSourcesBuildPhase section */

/* Begin PBXTargetDependency section */
		45F55F571BE72813008A5D2E /* PBXTargetDependency */ = {
			isa = PBXTargetDependency;
			target = 45F55F3F1BE72813008A5D2E /* SceneKitOSX */;
			targetProxy = 45F55F561BE72813008A5D2E /* PBXContainerItemProxy */;
		};
		45F55F621BE72813008A5D2E /* PBXTargetDependency */ = {
			isa = PBXTargetDependency;
			target = 45F55F3F1BE72813008A5D2E /* SceneKitOSX */;
			targetProxy = 45F55F611BE72813008A5D2E /* PBXContainerItemProxy */;
		};
/* End PBXTargetDependency section */

/* Begin PBXVariantGroup section */
		45F55F4D1BE72813008A5D2E /* MainMenu.xib */ = {
			isa = PBXVariantGroup;
			children = (
				45F55F4E1BE72813008A5D2E /* Base */,
			);
			name = MainMenu.xib;
			sourceTree = "<group>";
		};
/* End PBXVariantGroup section */

/* Begin XCBuildConfiguration section */
		45F55F671BE72813008A5D2E /* Debug */ = {
			isa = XCBuildConfiguration;
			buildSettings = {
				ALWAYS_SEARCH_USER_PATHS = NO;
				CLANG_CXX_LANGUAGE_STANDARD = "gnu++0x";
				CLANG_CXX_LIBRARY = "libc++";
				CLANG_ENABLE_MODULES = YES;
				CLANG_ENABLE_OBJC_ARC = YES;
				CLANG_WARN_BOOL_CONVERSION = YES;
				CLANG_WARN_CONSTANT_CONVERSION = YES;
				CLANG_WARN_DIRECT_OBJC_ISA_USAGE = YES_ERROR;
				CLANG_WARN_EMPTY_BODY = YES;
				CLANG_WARN_ENUM_CONVERSION = YES;
				CLANG_WARN_INT_CONVERSION = YES;
				CLANG_WARN_OBJC_ROOT_CLASS = YES_ERROR;
				CLANG_WARN_UNREACHABLE_CODE = YES;
				CLANG_WARN__DUPLICATE_METHOD_MATCH = YES;
				CODE_SIGN_IDENTITY = "-";
				COPY_PHASE_STRIP = NO;
				DEBUG_INFORMATION_FORMAT = "dwarf-with-dsym";
				ENABLE_STRICT_OBJC_MSGSEND = YES;
				ENABLE_TESTABILITY = YES;
				GCC_C_LANGUAGE_STANDARD = gnu99;
				GCC_DYNAMIC_NO_PIC = NO;
				GCC_NO_COMMON_BLOCKS = YES;
				GCC_OPTIMIZATION_LEVEL = 0;
				GCC_PREPROCESSOR_DEFINITIONS = (
					"DEBUG=1",
					"$(inherited)",
				);
				GCC_WARN_64_TO_32_BIT_CONVERSION = YES;
				GCC_WARN_ABOUT_RETURN_TYPE = YES_ERROR;
				GCC_WARN_UNDECLARED_SELECTOR = YES;
				GCC_WARN_UNINITIALIZED_AUTOS = YES_AGGRESSIVE;
				GCC_WARN_UNUSED_FUNCTION = YES;
				GCC_WARN_UNUSED_VARIABLE = YES;
				MACOSX_DEPLOYMENT_TARGET = 10.11;
				MTL_ENABLE_DEBUG_INFO = YES;
				ONLY_ACTIVE_ARCH = YES;
				SDKROOT = macosx;
				SWIFT_OPTIMIZATION_LEVEL = "-Onone";
			};
			name = Debug;
		};
		45F55F681BE72813008A5D2E /* Release */ = {
			isa = XCBuildConfiguration;
			buildSettings = {
				ALWAYS_SEARCH_USER_PATHS = NO;
				CLANG_CXX_LANGUAGE_STANDARD = "gnu++0x";
				CLANG_CXX_LIBRARY = "libc++";
				CLANG_ENABLE_MODULES = YES;
				CLANG_ENABLE_OBJC_ARC = YES;
				CLANG_WARN_BOOL_CONVERSION = YES;
				CLANG_WARN_CONSTANT_CONVERSION = YES;
				CLANG_WARN_DIRECT_OBJC_ISA_USAGE = YES_ERROR;
				CLANG_WARN_EMPTY_BODY = YES;
				CLANG_WARN_ENUM_CONVERSION = YES;
				CLANG_WARN_INT_CONVERSION = YES;
				CLANG_WARN_OBJC_ROOT_CLASS = YES_ERROR;
				CLANG_WARN_UNREACHABLE_CODE = YES;
				CLANG_WARN__DUPLICATE_METHOD_MATCH = YES;
				CODE_SIGN_IDENTITY = "-";
				COPY_PHASE_STRIP = NO;
				DEBUG_INFORMATION_FORMAT = "dwarf-with-dsym";
				ENABLE_NS_ASSERTIONS = NO;
				ENABLE_STRICT_OBJC_MSGSEND = YES;
				GCC_C_LANGUAGE_STANDARD = gnu99;
				GCC_NO_COMMON_BLOCKS = YES;
				GCC_WARN_64_TO_32_BIT_CONVERSION = YES;
				GCC_WARN_ABOUT_RETURN_TYPE = YES_ERROR;
				GCC_WARN_UNDECLARED_SELECTOR = YES;
				GCC_WARN_UNINITIALIZED_AUTOS = YES_AGGRESSIVE;
				GCC_WARN_UNUSED_FUNCTION = YES;
				GCC_WARN_UNUSED_VARIABLE = YES;
				MACOSX_DEPLOYMENT_TARGET = 10.11;
				MTL_ENABLE_DEBUG_INFO = NO;
				SDKROOT = macosx;
			};
			name = Release;
		};
		45F55F6A1BE72813008A5D2E /* Debug */ = {
			isa = XCBuildConfiguration;
			buildSettings = {
				ASSETCATALOG_COMPILER_APPICON_NAME = AppIcon;
				COMBINE_HIDPI_IMAGES = YES;
				INFOPLIST_FILE = SceneKitOSX/Info.plist;
				LD_RUNPATH_SEARCH_PATHS = "$(inherited) @executable_path/../Frameworks";
				PRODUCT_BUNDLE_IDENTIFIER = edu.bupt.exialym.SceneKitOSX;
				PRODUCT_NAME = "$(TARGET_NAME)";
			};
			name = Debug;
		};
		45F55F6B1BE72813008A5D2E /* Release */ = {
			isa = XCBuildConfiguration;
			buildSettings = {
				ASSETCATALOG_COMPILER_APPICON_NAME = AppIcon;
				COMBINE_HIDPI_IMAGES = YES;
				INFOPLIST_FILE = SceneKitOSX/Info.plist;
				LD_RUNPATH_SEARCH_PATHS = "$(inherited) @executable_path/../Frameworks";
				PRODUCT_BUNDLE_IDENTIFIER = edu.bupt.exialym.SceneKitOSX;
				PRODUCT_NAME = "$(TARGET_NAME)";
			};
			name = Release;
		};
		45F55F6D1BE72813008A5D2E /* Debug */ = {
			isa = XCBuildConfiguration;
			buildSettings = {
				BUNDLE_LOADER = "$(TEST_HOST)";
				COMBINE_HIDPI_IMAGES = YES;
				DEBUG_INFORMATION_FORMAT = dwarf;
				INFOPLIST_FILE = SceneKitOSXTests/Info.plist;
				LD_RUNPATH_SEARCH_PATHS = "$(inherited) @executable_path/../Frameworks @loader_path/../Frameworks";
				PRODUCT_BUNDLE_IDENTIFIER = edu.bupt.exialym.SceneKitOSXTests;
				PRODUCT_NAME = "$(TARGET_NAME)";
				TEST_HOST = "$(BUILT_PRODUCTS_DIR)/SceneKitOSX.app/Contents/MacOS/SceneKitOSX";
			};
			name = Debug;
		};
		45F55F6E1BE72813008A5D2E /* Release */ = {
			isa = XCBuildConfiguration;
			buildSettings = {
				BUNDLE_LOADER = "$(TEST_HOST)";
				COMBINE_HIDPI_IMAGES = YES;
				INFOPLIST_FILE = SceneKitOSXTests/Info.plist;
				LD_RUNPATH_SEARCH_PATHS = "$(inherited) @executable_path/../Frameworks @loader_path/../Frameworks";
				PRODUCT_BUNDLE_IDENTIFIER = edu.bupt.exialym.SceneKitOSXTests;
				PRODUCT_NAME = "$(TARGET_NAME)";
				TEST_HOST = "$(BUILT_PRODUCTS_DIR)/SceneKitOSX.app/Contents/MacOS/SceneKitOSX";
			};
			name = Release;
		};
		45F55F701BE72813008A5D2E /* Debug */ = {
			isa = XCBuildConfiguration;
			buildSettings = {
				COMBINE_HIDPI_IMAGES = YES;
				DEBUG_INFORMATION_FORMAT = dwarf;
				INFOPLIST_FILE = SceneKitOSXUITests/Info.plist;
				LD_RUNPATH_SEARCH_PATHS = "$(inherited) @executable_path/../Frameworks @loader_path/../Frameworks";
				PRODUCT_BUNDLE_IDENTIFIER = edu.bupt.exialym.SceneKitOSXUITests;
				PRODUCT_NAME = "$(TARGET_NAME)";
				TEST_TARGET_NAME = SceneKitOSX;
				USES_XCTRUNNER = YES;
			};
			name = Debug;
		};
		45F55F711BE72813008A5D2E /* Release */ = {
			isa = XCBuildConfiguration;
			buildSettings = {
				COMBINE_HIDPI_IMAGES = YES;
				INFOPLIST_FILE = SceneKitOSXUITests/Info.plist;
				LD_RUNPATH_SEARCH_PATHS = "$(inherited) @executable_path/../Frameworks @loader_path/../Frameworks";
				PRODUCT_BUNDLE_IDENTIFIER = edu.bupt.exialym.SceneKitOSXUITests;
				PRODUCT_NAME = "$(TARGET_NAME)";
				TEST_TARGET_NAME = SceneKitOSX;
				USES_XCTRUNNER = YES;
			};
			name = Release;
		};
/* End XCBuildConfiguration section */

/* Begin XCConfigurationList section */
		45F55F3B1BE72813008A5D2E /* Build configuration list for PBXProject "SceneKitOSX" */ = {
			isa = XCConfigurationList;
			buildConfigurations = (
				45F55F671BE72813008A5D2E /* Debug */,
				45F55F681BE72813008A5D2E /* Release */,
			);
			defaultConfigurationIsVisible = 0;
			defaultConfigurationName = Release;
		};
		45F55F691BE72813008A5D2E /* Build configuration list for PBXNativeTarget "SceneKitOSX" */ = {
			isa = XCConfigurationList;
			buildConfigurations = (
				45F55F6A1BE72813008A5D2E /* Debug */,
				45F55F6B1BE72813008A5D2E /* Release */,
			);
			defaultConfigurationIsVisible = 0;
		};
		45F55F6C1BE72813008A5D2E /* Build configuration list for PBXNativeTarget "SceneKitOSXTests" */ = {
			isa = XCConfigurationList;
			buildConfigurations = (
				45F55F6D1BE72813008A5D2E /* Debug */,
				45F55F6E1BE72813008A5D2E /* Release */,
			);
			defaultConfigurationIsVisible = 0;
		};
		45F55F6F1BE72813008A5D2E /* Build configuration list for PBXNativeTarget "SceneKitOSXUITests" */ = {
			isa = XCConfigurationList;
			buildConfigurations = (
				45F55F701BE72813008A5D2E /* Debug */,
				45F55F711BE72813008A5D2E /* Release */,
			);
			defaultConfigurationIsVisible = 0;
		};
/* End XCConfigurationList section */
	};
	rootObject = 45F55F381BE72813008A5D2E /* Project object */;
}
