// !$*UTF8*$!
{
	archiveVersion = 1;
	classes = {
	};
	objectVersion = 46;
	objects = {

/* Begin PBXBuildFile section */
		45F8247A1BDE20B7004DC011 /* AppDelegate.swift in Sources */ = {isa = PBXBuildFile; fileRef = 45F824791BDE20B7004DC011 /* AppDelegate.swift */; };
		45F8247C1BDE20B7004DC011 /* ViewController.swift in Sources */ = {isa = PBXBuildFile; fileRef = 45F8247B1BDE20B7004DC011 /* ViewController.swift */; };
		45F8247E1BDE20B7004DC011 /* Assets.xcassets in Resources */ = {isa = PBXBuildFile; fileRef = 45F8247D1BDE20B7004DC011 /* Assets.xcassets */; };
		45F824811BDE20B7004DC011 /* Main.storyboard in Resources */ = {isa = PBXBuildFile; fileRef = 45F8247F1BDE20B7004DC011 /* Main.storyboard */; };
		45F8248C1BDE20B7004DC011 /* drawSomethingTests.swift in Sources */ = {isa = PBXBuildFile; fileRef = 45F8248B1BDE20B7004DC011 /* drawSomethingTests.swift */; };
		45F824971BDE20B7004DC011 /* drawSomethingUITests.swift in Sources */ = {isa = PBXBuildFile; fileRef = 45F824961BDE20B7004DC011 /* drawSomethingUITests.swift */; };
		45F824A51BDE2222004DC011 /* DrawView.swift in Sources */ = {isa = PBXBuildFile; fileRef = 45F824A41BDE2222004DC011 /* DrawView.swift */; };
/* End PBXBuildFile section */

/* Begin PBXContainerItemProxy section */
		45F824881BDE20B7004DC011 /* PBXContainerItemProxy */ = {
			isa = PBXContainerItemProxy;
			containerPortal = 45F8246E1BDE20B6004DC011 /* Project object */;
			proxyType = 1;
			remoteGlobalIDString = 45F824751BDE20B7004DC011;
			remoteInfo = drawSomething;
		};
		45F824931BDE20B7004DC011 /* PBXContainerItemProxy */ = {
			isa = PBXContainerItemProxy;
			containerPortal = 45F8246E1BDE20B6004DC011 /* Project object */;
			proxyType = 1;
			remoteGlobalIDString = 45F824751BDE20B7004DC011;
			remoteInfo = drawSomething;
		};
/* End PBXContainerItemProxy section */

/* Begin PBXFileReference section */
		45F824761BDE20B7004DC011 /* drawSomething.app */ = {isa = PBXFileReference; explicitFileType = wrapper.application; includeInIndex = 0; path = drawSomething.app; sourceTree = BUILT_PRODUCTS_DIR; };
		45F824791BDE20B7004DC011 /* AppDelegate.swift */ = {isa = PBXFileReference; lastKnownFileType = sourcecode.swift; path = AppDelegate.swift; sourceTree = "<group>"; };
		45F8247B1BDE20B7004DC011 /* ViewController.swift */ = {isa = PBXFileReference; lastKnownFileType = sourcecode.swift; path = ViewController.swift; sourceTree = "<group>"; };
		45F8247D1BDE20B7004DC011 /* Assets.xcassets */ = {isa = PBXFileReference; lastKnownFileType = folder.assetcatalog; path = Assets.xcassets; sourceTree = "<group>"; };
		45F824801BDE20B7004DC011 /* Base */ = {isa = PBXFileReference; lastKnownFileType = file.storyboard; name = Base; path = Base.lproj/Main.storyboard; sourceTree = "<group>"; };
		45F824821BDE20B7004DC011 /* Info.plist */ = {isa = PBXFileReference; lastKnownFileType = text.plist.xml; path = Info.plist; sourceTree = "<group>"; };
		45F824871BDE20B7004DC011 /* drawSomethingTests.xctest */ = {isa = PBXFileReference; explicitFileType = wrapper.cfbundle; includeInIndex = 0; path = drawSomethingTests.xctest; sourceTree = BUILT_PRODUCTS_DIR; };
		45F8248B1BDE20B7004DC011 /* drawSomethingTests.swift */ = {isa = PBXFileReference; lastKnownFileType = sourcecode.swift; path = drawSomethingTests.swift; sourceTree = "<group>"; };
		45F8248D1BDE20B7004DC011 /* Info.plist */ = {isa = PBXFileReference; lastKnownFileType = text.plist.xml; path = Info.plist; sourceTree = "<group>"; };
		45F824921BDE20B7004DC011 /* drawSomethingUITests.xctest */ = {isa = PBXFileReference; explicitFileType = wrapper.cfbundle; includeInIndex = 0; path = drawSomethingUITests.xctest; sourceTree = BUILT_PRODUCTS_DIR; };
		45F824961BDE20B7004DC011 /* drawSomethingUITests.swift */ = {isa = PBXFileReference; lastKnownFileType = sourcecode.swift; path = drawSomethingUITests.swift; sourceTree = "<group>"; };
		45F824981BDE20B7004DC011 /* Info.plist */ = {isa = PBXFileReference; lastKnownFileType = text.plist.xml; path = Info.plist; sourceTree = "<group>"; };
		45F824A41BDE2222004DC011 /* DrawView.swift */ = {isa = PBXFileReference; fileEncoding = 4; lastKnownFileType = sourcecode.swift; path = DrawView.swift; sourceTree = "<group>"; };
/* End PBXFileReference section */

/* Begin PBXFrameworksBuildPhase section */
		45F824731BDE20B7004DC011 /* Frameworks */ = {
			isa = PBXFrameworksBuildPhase;
			buildActionMask = 2147483647;
			files = (
			);
			runOnlyForDeploymentPostprocessing = 0;
		};
		45F824841BDE20B7004DC011 /* Frameworks */ = {
			isa = PBXFrameworksBuildPhase;
			buildActionMask = 2147483647;
			files = (
			);
			runOnlyForDeploymentPostprocessing = 0;
		};
		45F8248F1BDE20B7004DC011 /* Frameworks */ = {
			isa = PBXFrameworksBuildPhase;
			buildActionMask = 2147483647;
			files = (
			);
			runOnlyForDeploymentPostprocessing = 0;
		};
/* End PBXFrameworksBuildPhase section */

/* Begin PBXGroup section */
		45F8246D1BDE20B6004DC011 = {
			isa = PBXGroup;
			children = (
				45F824781BDE20B7004DC011 /* drawSomething */,
				45F8248A1BDE20B7004DC011 /* drawSomethingTests */,
				45F824951BDE20B7004DC011 /* drawSomethingUITests */,
				45F824771BDE20B7004DC011 /* Products */,
			);
			sourceTree = "<group>";
		};
		45F824771BDE20B7004DC011 /* Products */ = {
			isa = PBXGroup;
			children = (
				45F824761BDE20B7004DC011 /* drawSomething.app */,
				45F824871BDE20B7004DC011 /* drawSomethingTests.xctest */,
				45F824921BDE20B7004DC011 /* drawSomethingUITests.xctest */,
			);
			name = Products;
			sourceTree = "<group>";
		};
		45F824781BDE20B7004DC011 /* drawSomething */ = {
			isa = PBXGroup;
			children = (
				45F824791BDE20B7004DC011 /* AppDelegate.swift */,
				45F8247B1BDE20B7004DC011 /* ViewController.swift */,
				45F8247D1BDE20B7004DC011 /* Assets.xcassets */,
				45F8247F1BDE20B7004DC011 /* Main.storyboard */,
				45F824A41BDE2222004DC011 /* DrawView.swift */,
				45F824821BDE20B7004DC011 /* Info.plist */,
			);
			path = drawSomething;
			sourceTree = "<group>";
		};
		45F8248A1BDE20B7004DC011 /* drawSomethingTests */ = {
			isa = PBXGroup;
			children = (
				45F8248B1BDE20B7004DC011 /* drawSomethingTests.swift */,
				45F8248D1BDE20B7004DC011 /* Info.plist */,
			);
			path = drawSomethingTests;
			sourceTree = "<group>";
		};
		45F824951BDE20B7004DC011 /* drawSomethingUITests */ = {
			isa = PBXGroup;
			children = (
				45F824961BDE20B7004DC011 /* drawSomethingUITests.swift */,
				45F824981BDE20B7004DC011 /* Info.plist */,
			);
			path = drawSomethingUITests;
			sourceTree = "<group>";
		};
/* End PBXGroup section */

/* Begin PBXNativeTarget section */
		45F824751BDE20B7004DC011 /* drawSomething */ = {
			isa = PBXNativeTarget;
			buildConfigurationList = 45F8249B1BDE20B7004DC011 /* Build configuration list for PBXNativeTarget "drawSomething" */;
			buildPhases = (
				45F824721BDE20B7004DC011 /* Sources */,
				45F824731BDE20B7004DC011 /* Frameworks */,
				45F824741BDE20B7004DC011 /* Resources */,
			);
			buildRules = (
			);
			dependencies = (
			);
			name = drawSomething;
			productName = drawSomething;
			productReference = 45F824761BDE20B7004DC011 /* drawSomething.app */;
			productType = "com.apple.product-type.application";
		};
		45F824861BDE20B7004DC011 /* drawSomethingTests */ = {
			isa = PBXNativeTarget;
			buildConfigurationList = 45F8249E1BDE20B7004DC011 /* Build configuration list for PBXNativeTarget "drawSomethingTests" */;
			buildPhases = (
				45F824831BDE20B7004DC011 /* Sources */,
				45F824841BDE20B7004DC011 /* Frameworks */,
				45F824851BDE20B7004DC011 /* Resources */,
			);
			buildRules = (
			);
			dependencies = (
				45F824891BDE20B7004DC011 /* PBXTargetDependency */,
			);
			name = drawSomethingTests;
			productName = drawSomethingTests;
			productReference = 45F824871BDE20B7004DC011 /* drawSomethingTests.xctest */;
			productType = "com.apple.product-type.bundle.unit-test";
		};
		45F824911BDE20B7004DC011 /* drawSomethingUITests */ = {
			isa = PBXNativeTarget;
			buildConfigurationList = 45F824A11BDE20B7004DC011 /* Build configuration list for PBXNativeTarget "drawSomethingUITests" */;
			buildPhases = (
				45F8248E1BDE20B7004DC011 /* Sources */,
				45F8248F1BDE20B7004DC011 /* Frameworks */,
				45F824901BDE20B7004DC011 /* Resources */,
			);
			buildRules = (
			);
			dependencies = (
				45F824941BDE20B7004DC011 /* PBXTargetDependency */,
			);
			name = drawSomethingUITests;
			productName = drawSomethingUITests;
			productReference = 45F824921BDE20B7004DC011 /* drawSomethingUITests.xctest */;
			productType = "com.apple.product-type.bundle.ui-testing";
		};
/* End PBXNativeTarget section */

/* Begin PBXProject section */
		45F8246E1BDE20B6004DC011 /* Project object */ = {
			isa = PBXProject;
			attributes = {
				LastSwiftUpdateCheck = 0710;
				LastUpgradeCheck = 0710;
				ORGANIZATIONNAME = exialym;
				TargetAttributes = {
					45F824751BDE20B7004DC011 = {
						CreatedOnToolsVersion = 7.1;
					};
					45F824861BDE20B7004DC011 = {
						CreatedOnToolsVersion = 7.1;
						TestTargetID = 45F824751BDE20B7004DC011;
					};
					45F824911BDE20B7004DC011 = {
						CreatedOnToolsVersion = 7.1;
						TestTargetID = 45F824751BDE20B7004DC011;
					};
				};
			};
			buildConfigurationList = 45F824711BDE20B6004DC011 /* Build configuration list for PBXProject "drawSomething" */;
			compatibilityVersion = "Xcode 3.2";
			developmentRegion = English;
			hasScannedForEncodings = 0;
			knownRegions = (
				en,
				Base,
			);
			mainGroup = 45F8246D1BDE20B6004DC011;
			productRefGroup = 45F824771BDE20B7004DC011 /* Products */;
			projectDirPath = "";
			projectRoot = "";
			targets = (
				45F824751BDE20B7004DC011 /* drawSomething */,
				45F824861BDE20B7004DC011 /* drawSomethingTests */,
				45F824911BDE20B7004DC011 /* drawSomethingUITests */,
			);
		};
/* End PBXProject section */

/* Begin PBXResourcesBuildPhase section */
		45F824741BDE20B7004DC011 /* Resources */ = {
			isa = PBXResourcesBuildPhase;
			buildActionMask = 2147483647;
			files = (
				45F8247E1BDE20B7004DC011 /* Assets.xcassets in Resources */,
				45F824811BDE20B7004DC011 /* Main.storyboard in Resources */,
			);
			runOnlyForDeploymentPostprocessing = 0;
		};
		45F824851BDE20B7004DC011 /* Resources */ = {
			isa = PBXResourcesBuildPhase;
			buildActionMask = 2147483647;
			files = (
			);
			runOnlyForDeploymentPostprocessing = 0;
		};
		45F824901BDE20B7004DC011 /* Resources */ = {
			isa = PBXResourcesBuildPhase;
			buildActionMask = 2147483647;
			files = (
			);
			runOnlyForDeploymentPostprocessing = 0;
		};
/* End PBXResourcesBuildPhase section */

/* Begin PBXSourcesBuildPhase section */
		45F824721BDE20B7004DC011 /* Sources */ = {
			isa = PBXSourcesBuildPhase;
			buildActionMask = 2147483647;
			files = (
				45F8247C1BDE20B7004DC011 /* ViewController.swift in Sources */,
				45F8247A1BDE20B7004DC011 /* AppDelegate.swift in Sources */,
				45F824A51BDE2222004DC011 /* DrawView.swift in Sources */,
			);
			runOnlyForDeploymentPostprocessing = 0;
		};
		45F824831BDE20B7004DC011 /* Sources */ = {
			isa = PBXSourcesBuildPhase;
			buildActionMask = 2147483647;
			files = (
				45F8248C1BDE20B7004DC011 /* drawSomethingTests.swift in Sources */,
			);
			runOnlyForDeploymentPostprocessing = 0;
		};
		45F8248E1BDE20B7004DC011 /* Sources */ = {
			isa = PBXSourcesBuildPhase;
			buildActionMask = 2147483647;
			files = (
				45F824971BDE20B7004DC011 /* drawSomethingUITests.swift in Sources */,
			);
			runOnlyForDeploymentPostprocessing = 0;
		};
/* End PBXSourcesBuildPhase section */

/* Begin PBXTargetDependency section */
		45F824891BDE20B7004DC011 /* PBXTargetDependency */ = {
			isa = PBXTargetDependency;
			target = 45F824751BDE20B7004DC011 /* drawSomething */;
			targetProxy = 45F824881BDE20B7004DC011 /* PBXContainerItemProxy */;
		};
		45F824941BDE20B7004DC011 /* PBXTargetDependency */ = {
			isa = PBXTargetDependency;
			target = 45F824751BDE20B7004DC011 /* drawSomething */;
			targetProxy = 45F824931BDE20B7004DC011 /* PBXContainerItemProxy */;
		};
/* End PBXTargetDependency section */

/* Begin PBXVariantGroup section */
		45F8247F1BDE20B7004DC011 /* Main.storyboard */ = {
			isa = PBXVariantGroup;
			children = (
				45F824801BDE20B7004DC011 /* Base */,
			);
			name = Main.storyboard;
			sourceTree = "<group>";
		};
/* End PBXVariantGroup section */

/* Begin XCBuildConfiguration section */
		45F824991BDE20B7004DC011 /* Debug */ = {
			isa = XCBuildConfiguration;
			buildSettings = {
				ALWAYS_SEARCH_USER_PATHS = NO;
				CLANG_CXX_LANGUAGE_STANDARD = "gnu++0x";
				CLANG_CXX_LIBRARY = "libc++";
				CLANG_ENABLE_MODULES = YES;
				CLANG_ENABLE_OBJC_ARC = YES;
				CLANG_WARN_BOOL_CONVERSION = YES;
				CLANG_WARN_CONSTANT_CONVERSION = YES;
				CLANG_WARN_DIRECT_OBJC_ISA_USAGE = YES_ERROR;
				CLANG_WARN_EMPTY_BODY = YES;
				CLANG_WARN_ENUM_CONVERSION = YES;
				CLANG_WARN_INT_CONVERSION = YES;
				CLANG_WARN_OBJC_ROOT_CLASS = YES_ERROR;
				CLANG_WARN_UNREACHABLE_CODE = YES;
				CLANG_WARN__DUPLICATE_METHOD_MATCH = YES;
				CODE_SIGN_IDENTITY = "-";
				COPY_PHASE_STRIP = NO;
				DEBUG_INFORMATION_FORMAT = dwarf;
				ENABLE_STRICT_OBJC_MSGSEND = YES;
				ENABLE_TESTABILITY = YES;
				GCC_C_LANGUAGE_STANDARD = gnu99;
				GCC_DYNAMIC_NO_PIC = NO;
				GCC_NO_COMMON_BLOCKS = YES;
				GCC_OPTIMIZATION_LEVEL = 0;
				GCC_PREPROCESSOR_DEFINITIONS = (
					"DEBUG=1",
					"$(inherited)",
				);
				GCC_WARN_64_TO_32_BIT_CONVERSION = YES;
				GCC_WARN_ABOUT_RETURN_TYPE = YES_ERROR;
				GCC_WARN_UNDECLARED_SELECTOR = YES;
				GCC_WARN_UNINITIALIZED_AUTOS = YES_AGGRESSIVE;
				GCC_WARN_UNUSED_FUNCTION = YES;
				GCC_WARN_UNUSED_VARIABLE = YES;
				MACOSX_DEPLOYMENT_TARGET = 10.11;
				MTL_ENABLE_DEBUG_INFO = YES;
				ONLY_ACTIVE_ARCH = YES;
				SDKROOT = macosx;
				SWIFT_OPTIMIZATION_LEVEL = "-Onone";
			};
			name = Debug;
		};
		45F8249A1BDE20B7004DC011 /* Release */ = {
			isa = XCBuildConfiguration;
			buildSettings = {
				ALWAYS_SEARCH_USER_PATHS = NO;
				CLANG_CXX_LANGUAGE_STANDARD = "gnu++0x";
				CLANG_CXX_LIBRARY = "libc++";
				CLANG_ENABLE_MODULES = YES;
				CLANG_ENABLE_OBJC_ARC = YES;
				CLANG_WARN_BOOL_CONVERSION = YES;
				CLANG_WARN_CONSTANT_CONVERSION = YES;
				CLANG_WARN_DIRECT_OBJC_ISA_USAGE = YES_ERROR;
				CLANG_WARN_EMPTY_BODY = YES;
				CLANG_WARN_ENUM_CONVERSION = YES;
				CLANG_WARN_INT_CONVERSION = YES;
				CLANG_WARN_OBJC_ROOT_CLASS = YES_ERROR;
				CLANG_WARN_UNREACHABLE_CODE = YES;
				CLANG_WARN__DUPLICATE_METHOD_MATCH = YES;
				CODE_SIGN_IDENTITY = "-";
				COPY_PHASE_STRIP = NO;
				DEBUG_INFORMATION_FORMAT = "dwarf-with-dsym";
				ENABLE_NS_ASSERTIONS = NO;
				ENABLE_STRICT_OBJC_MSGSEND = YES;
				GCC_C_LANGUAGE_STANDARD = gnu99;
				GCC_NO_COMMON_BLOCKS = YES;
				GCC_WARN_64_TO_32_BIT_CONVERSION = YES;
				GCC_WARN_ABOUT_RETURN_TYPE = YES_ERROR;
				GCC_WARN_UNDECLARED_SELECTOR = YES;
				GCC_WARN_UNINITIALIZED_AUTOS = YES_AGGRESSIVE;
				GCC_WARN_UNUSED_FUNCTION = YES;
				GCC_WARN_UNUSED_VARIABLE = YES;
				MACOSX_DEPLOYMENT_TARGET = 10.11;
				MTL_ENABLE_DEBUG_INFO = NO;
				SDKROOT = macosx;
			};
			name = Release;
		};
		45F8249C1BDE20B7004DC011 /* Debug */ = {
			isa = XCBuildConfiguration;
			buildSettings = {
				ASSETCATALOG_COMPILER_APPICON_NAME = AppIcon;
				COMBINE_HIDPI_IMAGES = YES;
				INFOPLIST_FILE = drawSomething/Info.plist;
				LD_RUNPATH_SEARCH_PATHS = "$(inherited) @executable_path/../Frameworks";
				PRODUCT_BUNDLE_IDENTIFIER = edu.bupt.exialym.drawSomething;
				PRODUCT_NAME = "$(TARGET_NAME)";
			};
			name = Debug;
		};
		45F8249D1BDE20B7004DC011 /* Release */ = {
			isa = XCBuildConfiguration;
			buildSettings = {
				ASSETCATALOG_COMPILER_APPICON_NAME = AppIcon;
				COMBINE_HIDPI_IMAGES = YES;
				INFOPLIST_FILE = drawSomething/Info.plist;
				LD_RUNPATH_SEARCH_PATHS = "$(inherited) @executable_path/../Frameworks";
				PRODUCT_BUNDLE_IDENTIFIER = edu.bupt.exialym.drawSomething;
				PRODUCT_NAME = "$(TARGET_NAME)";
			};
			name = Release;
		};
		45F8249F1BDE20B7004DC011 /* Debug */ = {
			isa = XCBuildConfiguration;
			buildSettings = {
				BUNDLE_LOADER = "$(TEST_HOST)";
				COMBINE_HIDPI_IMAGES = YES;
				INFOPLIST_FILE = drawSomethingTests/Info.plist;
				LD_RUNPATH_SEARCH_PATHS = "$(inherited) @executable_path/../Frameworks @loader_path/../Frameworks";
				PRODUCT_BUNDLE_IDENTIFIER = edu.bupt.exialym.drawSomethingTests;
				PRODUCT_NAME = "$(TARGET_NAME)";
				TEST_HOST = "$(BUILT_PRODUCTS_DIR)/drawSomething.app/Contents/MacOS/drawSomething";
			};
			name = Debug;
		};
		45F824A01BDE20B7004DC011 /* Release */ = {
			isa = XCBuildConfiguration;
			buildSettings = {
				BUNDLE_LOADER = "$(TEST_HOST)";
				COMBINE_HIDPI_IMAGES = YES;
				INFOPLIST_FILE = drawSomethingTests/Info.plist;
				LD_RUNPATH_SEARCH_PATHS = "$(inherited) @executable_path/../Frameworks @loader_path/../Frameworks";
				PRODUCT_BUNDLE_IDENTIFIER = edu.bupt.exialym.drawSomethingTests;
				PRODUCT_NAME = "$(TARGET_NAME)";
				TEST_HOST = "$(BUILT_PRODUCTS_DIR)/drawSomething.app/Contents/MacOS/drawSomething";
			};
			name = Release;
		};
		45F824A21BDE20B7004DC011 /* Debug */ = {
			isa = XCBuildConfiguration;
			buildSettings = {
				COMBINE_HIDPI_IMAGES = YES;
				INFOPLIST_FILE = drawSomethingUITests/Info.plist;
				LD_RUNPATH_SEARCH_PATHS = "$(inherited) @executable_path/../Frameworks @loader_path/../Frameworks";
				PRODUCT_BUNDLE_IDENTIFIER = edu.bupt.exialym.drawSomethingUITests;
				PRODUCT_NAME = "$(TARGET_NAME)";
				TEST_TARGET_NAME = drawSomething;
				USES_XCTRUNNER = YES;
			};
			name = Debug;
		};
		45F824A31BDE20B7004DC011 /* Release */ = {
			isa = XCBuildConfiguration;
			buildSettings = {
				COMBINE_HIDPI_IMAGES = YES;
				INFOPLIST_FILE = drawSomethingUITests/Info.plist;
				LD_RUNPATH_SEARCH_PATHS = "$(inherited) @executable_path/../Frameworks @loader_path/../Frameworks";
				PRODUCT_BUNDLE_IDENTIFIER = edu.bupt.exialym.drawSomethingUITests;
				PRODUCT_NAME = "$(TARGET_NAME)";
				TEST_TARGET_NAME = drawSomething;
				USES_XCTRUNNER = YES;
			};
			name = Release;
		};
/* End XCBuildConfiguration section */

/* Begin XCConfigurationList section */
		45F824711BDE20B6004DC011 /* Build configuration list for PBXProject "drawSomething" */ = {
			isa = XCConfigurationList;
			buildConfigurations = (
				45F824991BDE20B7004DC011 /* Debug */,
				45F8249A1BDE20B7004DC011 /* Release */,
			);
			defaultConfigurationIsVisible = 0;
			defaultConfigurationName = Release;
		};
		45F8249B1BDE20B7004DC011 /* Build configuration list for PBXNativeTarget "drawSomething" */ = {
			isa = XCConfigurationList;
			buildConfigurations = (
				45F8249C1BDE20B7004DC011 /* Debug */,
				45F8249D1BDE20B7004DC011 /* Release */,
			);
			defaultConfigurationIsVisible = 0;
		};
		45F8249E1BDE20B7004DC011 /* Build configuration list for PBXNativeTarget "drawSomethingTests" */ = {
			isa = XCConfigurationList;
			buildConfigurations = (
				45F8249F1BDE20B7004DC011 /* Debug */,
				45F824A01BDE20B7004DC011 /* Release */,
			);
			defaultConfigurationIsVisible = 0;
		};
		45F824A11BDE20B7004DC011 /* Build configuration list for PBXNativeTarget "drawSomethingUITests" */ = {
			isa = XCConfigurationList;
			buildConfigurations = (
				45F824A21BDE20B7004DC011 /* Debug */,
				45F824A31BDE20B7004DC011 /* Release */,
			);
			defaultConfigurationIsVisible = 0;
		};
/* End XCConfigurationList section */
	};
	rootObject = 45F8246E1BDE20B6004DC011 /* Project object */;
}
